PODS:
  - Cache (5.2.0)
  - IQKeyboardManagerSwift (6.3.0)

DEPENDENCIES:
  - Cache
  - IQKeyboardManagerSwift

SPEC REPOS:
  https://github.com/cocoapods/specs.git:
    - Cache
    - IQKeyboardManagerSwift

SPEC CHECKSUMS:
  Cache: 807c5d86d01a177f06ede9865add3aea269bbfd4
  IQKeyboardManagerSwift: a8228c257614af98743b4cd8584637025f36358f

PODFILE CHECKSUM: 784bb7a5b857efbc18a4f18f771fad30aab28c19

COCOAPODS: 1.6.0.beta.1
